// !$*UTF8*$!
{
	archiveVersion = 1;
	classes = {
	};
	objectVersion = 52;
	objects = {

/* Begin PBXBuildFile section */
		2FED1DC91B84CF9100001383 /* String+Char.swift in Sources */ = {isa = PBXBuildFile; fileRef = 2FED1DC81B84CF9100001383 /* String+Char.swift */; };
		2FED1DCB1B84E21A00001383 /* Tab.swift in Sources */ = {isa = PBXBuildFile; fileRef = 2FED1DCA1B84E21A00001383 /* Tab.swift */; };
		472BB2A51B8F22F9009B0F12 /* Coco.swift in Sources */ = {isa = PBXBuildFile; fileRef = 472BB2A41B8F22F9009B0F12 /* Coco.swift */; };
		47425F9E1B89E450002D9963 /* ParserGen.swift in Sources */ = {isa = PBXBuildFile; fileRef = 47425F9D1B89E450002D9963 /* ParserGen.swift */; };
		4751246D22D22C6D00B67AE6 /* Coco.atg in CopyFiles */ = {isa = PBXBuildFile; fileRef = 476C345A1B848CA500EE75C6 /* Coco.atg */; };
		4751246E22D22C6D00B67AE6 /* Parser.frame in CopyFiles */ = {isa = PBXBuildFile; fileRef = 476C345E1B848CA500EE75C6 /* Parser.frame */; };
		4751246F22D22C6D00B67AE6 /* Scanner.frame in CopyFiles */ = {isa = PBXBuildFile; fileRef = 476C34611B848CA500EE75C6 /* Scanner.frame */; };
		4751247022D22C6D00B67AE6 /* Copyright.frame in CopyFiles */ = {isa = PBXBuildFile; fileRef = 2FD7041B1B8E36D000301A9C /* Copyright.frame */; };
		4751247322D22CD900B67AE6 /* Parser.swift in Sources */ = {isa = PBXBuildFile; fileRef = 4751247122D22CD800B67AE6 /* Parser.swift */; };
		4751247422D22CD900B67AE6 /* Scanner.swift in Sources */ = {isa = PBXBuildFile; fileRef = 4751247222D22CD800B67AE6 /* Scanner.swift */; };
		476C34541B848C8300EE75C6 /* main.swift in Sources */ = {isa = PBXBuildFile; fileRef = 476C34531B848C8300EE75C6 /* main.swift */; };
		47CDB406268E54510016FB1E /* ArgumentParser in Frameworks */ = {isa = PBXBuildFile; productRef = 47CDB405268E54510016FB1E /* ArgumentParser */; };
		47CF4B471B8886BF00D55BC0 /* DFA.swift in Sources */ = {isa = PBXBuildFile; fileRef = 47CF4B461B8886BF00D55BC0 /* DFA.swift */; };
/* End PBXBuildFile section */

/* Begin PBXCopyFilesBuildPhase section */
		476C344E1B848C8300EE75C6 /* CopyFiles */ = {
			isa = PBXCopyFilesBuildPhase;
			buildActionMask = 12;
			dstPath = "";
			dstSubfolderSpec = 16;
			files = (
				4751246D22D22C6D00B67AE6 /* Coco.atg in CopyFiles */,
				4751246E22D22C6D00B67AE6 /* Parser.frame in CopyFiles */,
				4751246F22D22C6D00B67AE6 /* Scanner.frame in CopyFiles */,
				4751247022D22C6D00B67AE6 /* Copyright.frame in CopyFiles */,
			);
			runOnlyForDeploymentPostprocessing = 0;
		};
/* End PBXCopyFilesBuildPhase section */

/* Begin PBXFileReference section */
		2FA973E21CB69730000EFCC6 /* README.md */ = {isa = PBXFileReference; fileEncoding = 4; lastKnownFileType = net.daringfireball.markdown; path = README.md; sourceTree = "<group>"; };
		2FD7041B1B8E36D000301A9C /* Copyright.frame */ = {isa = PBXFileReference; lastKnownFileType = text; path = Copyright.frame; sourceTree = "<group>"; };
		2FED1DC81B84CF9100001383 /* String+Char.swift */ = {isa = PBXFileReference; fileEncoding = 4; lastKnownFileType = sourcecode.swift; path = "String+Char.swift"; sourceTree = "<group>"; };
		2FED1DCA1B84E21A00001383 /* Tab.swift */ = {isa = PBXFileReference; fileEncoding = 4; lastKnownFileType = sourcecode.swift; path = Tab.swift; sourceTree = "<group>"; };
		472BB2A41B8F22F9009B0F12 /* Coco.swift */ = {isa = PBXFileReference; fileEncoding = 4; lastKnownFileType = sourcecode.swift; path = Coco.swift; sourceTree = "<group>"; };
		47425F9D1B89E450002D9963 /* ParserGen.swift */ = {isa = PBXFileReference; fileEncoding = 4; lastKnownFileType = sourcecode.swift; path = ParserGen.swift; sourceTree = "<group>"; };
		4751247122D22CD800B67AE6 /* Parser.swift */ = {isa = PBXFileReference; fileEncoding = 4; lastKnownFileType = sourcecode.swift; path = Parser.swift; sourceTree = "<group>"; };
		4751247222D22CD800B67AE6 /* Scanner.swift */ = {isa = PBXFileReference; fileEncoding = 4; lastKnownFileType = sourcecode.swift; path = Scanner.swift; sourceTree = "<group>"; };
		476C34501B848C8300EE75C6 /* Coco */ = {isa = PBXFileReference; explicitFileType = "compiled.mach-o.executable"; includeInIndex = 0; path = Coco; sourceTree = BUILT_PRODUCTS_DIR; };
		476C34531B848C8300EE75C6 /* main.swift */ = {isa = PBXFileReference; lastKnownFileType = sourcecode.swift; path = main.swift; sourceTree = "<group>"; };
		476C345A1B848CA500EE75C6 /* Coco.atg */ = {isa = PBXFileReference; lastKnownFileType = text; path = Coco.atg; sourceTree = "<group>"; };
		476C345E1B848CA500EE75C6 /* Parser.frame */ = {isa = PBXFileReference; lastKnownFileType = text; path = Parser.frame; sourceTree = "<group>"; };
		476C34611B848CA500EE75C6 /* Scanner.frame */ = {isa = PBXFileReference; lastKnownFileType = text; path = Scanner.frame; sourceTree = "<group>"; };
		47CF4B461B8886BF00D55BC0 /* DFA.swift */ = {isa = PBXFileReference; fileEncoding = 4; lastKnownFileType = sourcecode.swift; path = DFA.swift; sourceTree = "<group>"; };
/* End PBXFileReference section */

/* Begin PBXFrameworksBuildPhase section */
		476C344D1B848C8300EE75C6 /* Frameworks */ = {
			isa = PBXFrameworksBuildPhase;
			buildActionMask = 2147483647;
			files = (
				47CDB406268E54510016FB1E /* ArgumentParser in Frameworks */,
			);
			runOnlyForDeploymentPostprocessing = 0;
		};
/* End PBXFrameworksBuildPhase section */

/* Begin PBXGroup section */
		472BB2901B8F1D34009B0F12 /* Support */ = {
			isa = PBXGroup;
			children = (
				476C345A1B848CA500EE75C6 /* Coco.atg */,
				476C345E1B848CA500EE75C6 /* Parser.frame */,
				476C34611B848CA500EE75C6 /* Scanner.frame */,
				2FD7041B1B8E36D000301A9C /* Copyright.frame */,
			);
			name = Support;
			sourceTree = "<group>";
		};
		476C34471B848C8300EE75C6 = {
			isa = PBXGroup;
			children = (
				2FA973E21CB69730000EFCC6 /* README.md */,
				476C34521B848C8300EE75C6 /* Coco */,
				476C34511B848C8300EE75C6 /* Products */,
			);
			sourceTree = "<group>";
		};
		476C34511B848C8300EE75C6 /* Products */ = {
			isa = PBXGroup;
			children = (
				476C34501B848C8300EE75C6 /* Coco */,
			);
			name = Products;
			sourceTree = "<group>";
		};
		476C34521B848C8300EE75C6 /* Coco */ = {
			isa = PBXGroup;
			children = (
				476C34531B848C8300EE75C6 /* main.swift */,
				472BB2A41B8F22F9009B0F12 /* Coco.swift */,
				47CF4B461B8886BF00D55BC0 /* DFA.swift */,
				4751247122D22CD800B67AE6 /* Parser.swift */,
				4751247222D22CD800B67AE6 /* Scanner.swift */,
				47425F9D1B89E450002D9963 /* ParserGen.swift */,
				2FED1DCA1B84E21A00001383 /* Tab.swift */,
				472BB2901B8F1D34009B0F12 /* Support */,
				2FED1DC81B84CF9100001383 /* String+Char.swift */,
			);
			path = Coco;
			sourceTree = "<group>";
		};
/* End PBXGroup section */

/* Begin PBXNativeTarget section */
		476C344F1B848C8300EE75C6 /* Coco */ = {
			isa = PBXNativeTarget;
			buildConfigurationList = 476C34571B848C8300EE75C6 /* Build configuration list for PBXNativeTarget "Coco" */;
			buildPhases = (
				476C344C1B848C8300EE75C6 /* Sources */,
				476C344D1B848C8300EE75C6 /* Frameworks */,
				476C344E1B848C8300EE75C6 /* CopyFiles */,
			);
			buildRules = (
			);
			dependencies = (
			);
			name = Coco;
			packageProductDependencies = (
				47CDB405268E54510016FB1E /* ArgumentParser */,
			);
			productName = Coco;
			productReference = 476C34501B848C8300EE75C6 /* Coco */;
			productType = "com.apple.product-type.tool";
		};
/* End PBXNativeTarget section */

/* Begin PBXProject section */
		476C34481B848C8300EE75C6 /* Project object */ = {
			isa = PBXProject;
			attributes = {
				LastUpgradeCheck = 1250;
				ORGANIZATIONNAME = "Computer Inspirations";
				TargetAttributes = {
					476C344F1B848C8300EE75C6 = {
						CreatedOnToolsVersion = 7.0;
						LastSwiftMigration = 1020;
					};
				};
			};
			buildConfigurationList = 476C344B1B848C8300EE75C6 /* Build configuration list for PBXProject "Coco" */;
			compatibilityVersion = "Xcode 3.2";
			developmentRegion = en;
			hasScannedForEncodings = 0;
			knownRegions = (
				en,
				Base,
			);
			mainGroup = 476C34471B848C8300EE75C6;
			packageReferences = (
				47CDB404268E54510016FB1E /* XCRemoteSwiftPackageReference "swift-argument-parser" */,
			);
			productRefGroup = 476C34511B848C8300EE75C6 /* Products */;
			projectDirPath = "";
			projectRoot = "";
			targets = (
				476C344F1B848C8300EE75C6 /* Coco */,
			);
		};
/* End PBXProject section */

/* Begin PBXSourcesBuildPhase section */
		476C344C1B848C8300EE75C6 /* Sources */ = {
			isa = PBXSourcesBuildPhase;
			buildActionMask = 2147483647;
			files = (
				2FED1DC91B84CF9100001383 /* String+Char.swift in Sources */,
				472BB2A51B8F22F9009B0F12 /* Coco.swift in Sources */,
				4751247422D22CD900B67AE6 /* Scanner.swift in Sources */,
				47425F9E1B89E450002D9963 /* ParserGen.swift in Sources */,
				2FED1DCB1B84E21A00001383 /* Tab.swift in Sources */,
				47CF4B471B8886BF00D55BC0 /* DFA.swift in Sources */,
				476C34541B848C8300EE75C6 /* main.swift in Sources */,
				4751247322D22CD900B67AE6 /* Parser.swift in Sources */,
			);
			runOnlyForDeploymentPostprocessing = 0;
		};
/* End PBXSourcesBuildPhase section */

/* Begin XCBuildConfiguration section */
		476C34551B848C8300EE75C6 /* Debug */ = {
			isa = XCBuildConfiguration;
			buildSettings = {
				ALWAYS_SEARCH_USER_PATHS = NO;
				CLANG_CXX_LANGUAGE_STANDARD = "gnu++0x";
				CLANG_CXX_LIBRARY = "libc++";
				CLANG_ENABLE_MODULES = YES;
				CLANG_ENABLE_OBJC_ARC = YES;
				CLANG_WARN_BLOCK_CAPTURE_AUTORELEASING = YES;
				CLANG_WARN_BOOL_CONVERSION = YES;
				CLANG_WARN_COMMA = YES;
				CLANG_WARN_CONSTANT_CONVERSION = YES;
				CLANG_WARN_DEPRECATED_OBJC_IMPLEMENTATIONS = YES;
				CLANG_WARN_DIRECT_OBJC_ISA_USAGE = YES_ERROR;
				CLANG_WARN_EMPTY_BODY = YES;
				CLANG_WARN_ENUM_CONVERSION = YES;
				CLANG_WARN_INFINITE_RECURSION = YES;
				CLANG_WARN_INT_CONVERSION = YES;
				CLANG_WARN_NON_LITERAL_NULL_CONVERSION = YES;
				CLANG_WARN_OBJC_IMPLICIT_RETAIN_SELF = YES;
				CLANG_WARN_OBJC_LITERAL_CONVERSION = YES;
				CLANG_WARN_OBJC_ROOT_CLASS = YES_ERROR;
				CLANG_WARN_QUOTED_INCLUDE_IN_FRAMEWORK_HEADER = YES;
				CLANG_WARN_RANGE_LOOP_ANALYSIS = YES;
				CLANG_WARN_STRICT_PROTOTYPES = YES;
				CLANG_WARN_SUSPICIOUS_MOVE = YES;
				CLANG_WARN_UNREACHABLE_CODE = YES;
				CLANG_WARN__DUPLICATE_METHOD_MATCH = YES;
				COPY_PHASE_STRIP = NO;
				DEBUG_INFORMATION_FORMAT = dwarf;
				ENABLE_STRICT_OBJC_MSGSEND = YES;
				ENABLE_TESTABILITY = YES;
				GCC_C_LANGUAGE_STANDARD = gnu99;
				GCC_DYNAMIC_NO_PIC = NO;
				GCC_NO_COMMON_BLOCKS = YES;
				GCC_OPTIMIZATION_LEVEL = 0;
				GCC_PREPROCESSOR_DEFINITIONS = (
					"DEBUG=1",
					"$(inherited)",
				);
				GCC_WARN_64_TO_32_BIT_CONVERSION = YES;
				GCC_WARN_ABOUT_RETURN_TYPE = YES_ERROR;
				GCC_WARN_UNDECLARED_SELECTOR = YES;
				GCC_WARN_UNINITIALIZED_AUTOS = YES_AGGRESSIVE;
				GCC_WARN_UNUSED_FUNCTION = YES;
				GCC_WARN_UNUSED_VARIABLE = YES;
				MACOSX_DEPLOYMENT_TARGET = 10.10;
				MTL_ENABLE_DEBUG_INFO = YES;
				ONLY_ACTIVE_ARCH = YES;
				SDKROOT = macosx;
				SWIFT_OPTIMIZATION_LEVEL = "-Onone";
				SWIFT_VERSION = 4.0;
			};
			name = Debug;
		};
		476C34561B848C8300EE75C6 /* Release */ = {
			isa = XCBuildConfiguration;
			buildSettings = {
				ALWAYS_SEARCH_USER_PATHS = NO;
				CLANG_CXX_LANGUAGE_STANDARD = "gnu++0x";
				CLANG_CXX_LIBRARY = "libc++";
				CLANG_ENABLE_MODULES = YES;
				CLANG_ENABLE_OBJC_ARC = YES;
				CLANG_WARN_BLOCK_CAPTURE_AUTORELEASING = YES;
				CLANG_WARN_BOOL_CONVERSION = YES;
				CLANG_WARN_COMMA = YES;
				CLANG_WARN_CONSTANT_CONVERSION = YES;
				CLANG_WARN_DEPRECATED_OBJC_IMPLEMENTATIONS = YES;
				CLANG_WARN_DIRECT_OBJC_ISA_USAGE = YES_ERROR;
				CLANG_WARN_EMPTY_BODY = YES;
				CLANG_WARN_ENUM_CONVERSION = YES;
				CLANG_WARN_INFINITE_RECURSION = YES;
				CLANG_WARN_INT_CONVERSION = YES;
				CLANG_WARN_NON_LITERAL_NULL_CONVERSION = YES;
				CLANG_WARN_OBJC_IMPLICIT_RETAIN_SELF = YES;
				CLANG_WARN_OBJC_LITERAL_CONVERSION = YES;
				CLANG_WARN_OBJC_ROOT_CLASS = YES_ERROR;
				CLANG_WARN_QUOTED_INCLUDE_IN_FRAMEWORK_HEADER = YES;
				CLANG_WARN_RANGE_LOOP_ANALYSIS = YES;
				CLANG_WARN_STRICT_PROTOTYPES = YES;
				CLANG_WARN_SUSPICIOUS_MOVE = YES;
				CLANG_WARN_UNREACHABLE_CODE = YES;
				CLANG_WARN__DUPLICATE_METHOD_MATCH = YES;
				COPY_PHASE_STRIP = NO;
				DEBUG_INFORMATION_FORMAT = "dwarf-with-dsym";
				ENABLE_NS_ASSERTIONS = NO;
				ENABLE_STRICT_OBJC_MSGSEND = YES;
				GCC_C_LANGUAGE_STANDARD = gnu99;
				GCC_NO_COMMON_BLOCKS = YES;
				GCC_WARN_64_TO_32_BIT_CONVERSION = YES;
				GCC_WARN_ABOUT_RETURN_TYPE = YES_ERROR;
				GCC_WARN_UNDECLARED_SELECTOR = YES;
				GCC_WARN_UNINITIALIZED_AUTOS = YES_AGGRESSIVE;
				GCC_WARN_UNUSED_FUNCTION = YES;
				GCC_WARN_UNUSED_VARIABLE = YES;
				MACOSX_DEPLOYMENT_TARGET = 10.10;
				MTL_ENABLE_DEBUG_INFO = NO;
				SDKROOT = macosx;
				SWIFT_COMPILATION_MODE = wholemodule;
				SWIFT_OPTIMIZATION_LEVEL = "-O";
				SWIFT_VERSION = 4.0;
			};
			name = Release;
		};
		476C34581B848C8300EE75C6 /* Debug */ = {
			isa = XCBuildConfiguration;
			buildSettings = {
				CODE_SIGN_IDENTITY = "-";
				CURRENT_PROJECT_VERSION = V1.0.0;
				PRODUCT_NAME = "$(TARGET_NAME)";
				SWIFT_VERSION = 5.0;
			};
			name = Debug;
		};
		476C34591B848C8300EE75C6 /* Release */ = {
			isa = XCBuildConfiguration;
			buildSettings = {
				CODE_SIGN_IDENTITY = "-";
				CURRENT_PROJECT_VERSION = V1.0.0;
				PRODUCT_NAME = "$(TARGET_NAME)";
				SWIFT_VERSION = 5.0;
			};
			name = Release;
		};
/* End XCBuildConfiguration section */

/* Begin XCConfigurationList section */
		476C344B1B848C8300EE75C6 /* Build configuration list for PBXProject "Coco" */ = {
			isa = XCConfigurationList;
			buildConfigurations = (
				476C34551B848C8300EE75C6 /* Debug */,
				476C34561B848C8300EE75C6 /* Release */,
			);
			defaultConfigurationIsVisible = 0;
			defaultConfigurationName = Release;
		};
		476C34571B848C8300EE75C6 /* Build configuration list for PBXNativeTarget "Coco" */ = {
			isa = XCConfigurationList;
			buildConfigurations = (
				476C34581B848C8300EE75C6 /* Debug */,
				476C34591B848C8300EE75C6 /* Release */,
			);
			defaultConfigurationIsVisible = 0;
			defaultConfigurationName = Release;
		};
/* End XCConfigurationList section */

/* Begin XCRemoteSwiftPackageReference section */
		47CDB404268E54510016FB1E /* XCRemoteSwiftPackageReference "swift-argument-parser" */ = {
			isa = XCRemoteSwiftPackageReference;
			repositoryURL = "https://github.com/apple/swift-argument-parser";
			requirement = {
				kind = upToNextMajorVersion;
				minimumVersion = 0.4.3;
			};
		};
/* End XCRemoteSwiftPackageReference section */

/* Begin XCSwiftPackageProductDependency section */
		47CDB405268E54510016FB1E /* ArgumentParser */ = {
			isa = XCSwiftPackageProductDependency;
			package = 47CDB404268E54510016FB1E /* XCRemoteSwiftPackageReference "swift-argument-parser" */;
			productName = ArgumentParser;
		};
/* End XCSwiftPackageProductDependency section */
	};
	rootObject = 476C34481B848C8300EE75C6 /* Project object */;
}
